GEM
  remote: https://rubygems.org/
  specs:
    activemodel (8.1.3)
      activesupport (= 8.1.3)
    activesupport (8.1.3)
      base64
      bigdecimal
      concurrent-ruby (~> 1.0, >= 1.3.1)
      connection_pool (>= 2.2.5)
      drb
      i18n (>= 1.6, < 2)
      json
      logger (>= 1.4.2)
      minitest (>= 5.1)
      securerandom (>= 0.3)
      tzinfo (~> 2.0, >= 2.0.5)
      uri (>= 0.13.1)
    addressable (2.9.0)
      public_suffix (>= 2.0.2, < 8.0)
    ast (2.4.3)
    aws-eventstream (1.4.0)
    aws-partitions (1.1236.0)
    aws-sdk-core (3.244.0)
      aws-eventstream (~> 1, >= 1.3.0)
      aws-partitions (~> 1, >= 1.992.0)
      aws-sigv4 (~> 1.9)
      base64
      bigdecimal
      jmespath (~> 1, >= 1.6.1)
      logger
    aws-sdk-kms (1.123.0)
      aws-sdk-core (~> 3, >= 3.244.0)
      aws-sigv4 (~> 1.5)
    aws-sdk-s3 (1.219.0)
      aws-sdk-core (~> 3, >= 3.244.0)
      aws-sdk-kms (~> 1)
      aws-sigv4 (~> 1.5)
    aws-sigv4 (1.12.1)
      aws-eventstream (~> 1, >= 1.0.2)
    azure_mgmt_resources (0.18.2)
      ms_rest_azure (~> 0.12.0)
    base64 (0.3.0)
    bigdecimal (4.1.1)
    concurrent-ruby (1.3.6)
    connection_pool (3.0.2)
    crack (1.0.1)
      bigdecimal
      rexml
    diff-lcs (1.6.2)
    domain_name (0.6.20240107)
    drb (2.2.3)
    faraday (1.10.5)
      faraday-em_http (~> 1.0)
      faraday-em_synchrony (~> 1.0)
      faraday-excon (~> 1.1)
      faraday-httpclient (~> 1.0)
      faraday-multipart (~> 1.0)
      faraday-net_http (~> 1.0)
      faraday-net_http_persistent (~> 1.0)
      faraday-patron (~> 1.0)
      faraday-rack (~> 1.0)
      faraday-retry (~> 1.0)
      ruby2_keywords (>= 0.0.4)
    faraday-cookie_jar (0.0.8)
      faraday (>= 0.8.0)
      http-cookie (>= 1.0.0)
    faraday-em_http (1.0.0)
    faraday-em_synchrony (1.0.1)
    faraday-excon (1.1.0)
    faraday-httpclient (1.0.1)
    faraday-multipart (1.2.0)
      multipart-post (~> 2.0)
    faraday-net_http (1.0.2)
    faraday-net_http_persistent (1.2.0)
    faraday-patron (1.0.0)
    faraday-rack (1.0.0)
    faraday-retry (1.0.4)
    hashdiff (1.2.1)
    http-cookie (1.1.4)
      domain_name (~> 0.5)
    i18n (1.14.8)
      concurrent-ruby (~> 1.0)
    jmespath (1.6.2)
    json (2.19.3)
    language_server-protocol (3.17.0.5)
    lint_roller (1.1.0)
    logger (1.7.0)
    mini_portile2 (2.8.9)
    minitest (6.0.3)
      drb (~> 2.0)
      prism (~> 1.5)
    ms_rest (0.7.6)
      concurrent-ruby (~> 1.0)
      faraday (>= 0.9, < 2.0.0)
      timeliness (~> 0.3.10)
    ms_rest_azure (0.12.0)
      concurrent-ruby (~> 1.0)
      faraday (>= 0.9, < 2.0.0)
      faraday-cookie_jar (~> 0.0.6)
      ms_rest (~> 0.7.6)
    multipart-post (2.4.1)
    nokogiri (1.19.2)
      mini_portile2 (~> 2.8.2)
      racc (~> 1.4)
    parallel (1.28.0)
    parser (3.3.11.1)
      ast (~> 2.4.1)
      racc
    prism (1.9.0)
    public_suffix (7.0.5)
    racc (1.8.1)
    rainbow (3.1.1)
    rake (13.3.1)
    regexp_parser (2.12.0)
    rexml (3.4.4)
    rspec (3.13.2)
      rspec-core (~> 3.13.0)
      rspec-expectations (~> 3.13.0)
      rspec-mocks (~> 3.13.0)
    rspec-core (3.13.6)
      rspec-support (~> 3.13.0)
    rspec-expectations (3.13.5)
      diff-lcs (>= 1.2.0, < 2.0)
      rspec-support (~> 3.13.0)
    rspec-mocks (3.13.8)
      diff-lcs (>= 1.2.0, < 2.0)
      rspec-support (~> 3.13.0)
    rspec-support (3.13.7)
    rubocop (1.84.2)
      json (~> 2.3)
      language_server-protocol (~> 3.17.0.2)
      lint_roller (~> 1.1.0)
      parallel (~> 1.10)
      parser (>= 3.3.0.2)
      rainbow (>= 2.2.2, < 4.0)
      regexp_parser (>= 2.9.3, < 3.0)
      rubocop-ast (>= 1.49.0, < 2.0)
      ruby-progressbar (~> 1.7)
      unicode-display_width (>= 2.4.0, < 4.0)
    rubocop-ast (1.49.1)
      parser (>= 3.3.7.2)
      prism (~> 1.7)
    rubocop-performance (1.26.1)
      lint_roller (~> 1.1)
      rubocop (>= 1.75.0, < 2.0)
      rubocop-ast (>= 1.47.1, < 2.0)
    ruby-progressbar (1.13.0)
    ruby2_keywords (0.0.5)
    rubyzip (3.2.2)
    securerandom (0.4.1)
    standard (1.54.0)
      language_server-protocol (~> 3.17.0.2)
      lint_roller (~> 1.0)
      rubocop (~> 1.84.0)
      standard-custom (~> 1.0.0)
      standard-performance (~> 1.8)
    standard-custom (1.0.2)
      lint_roller (~> 1.0)
      rubocop (~> 1.50)
    standard-performance (1.9.0)
      lint_roller (~> 1.1)
      rubocop-performance (~> 1.26.0)
    timecop (0.9.10)
    timeliness (0.3.10)
    tzinfo (2.0.6)
      concurrent-ruby (~> 1.0)
    unicode-display_width (3.2.0)
      unicode-emoji (~> 4.1)
    unicode-emoji (4.2.0)
    uri (1.1.1)
    webmock (3.26.2)
      addressable (>= 2.8.0)
      crack (>= 0.3.2)
      hashdiff (>= 0.4.0, < 2.0.0)

PLATFORMS
  ruby

DEPENDENCIES
  activemodel
  activesupport
  aws-sdk-s3
  azure_mgmt_resources
  nokogiri
  rake
  rspec
  rubyzip
  standard
  timecop
  webmock

CHECKSUMS
  activemodel (8.1.3) sha256=90c05cbe4cef3649b8f79f13016191ea94c4525ce4a5c0fb7ef909c4b91c8219
  activesupport (8.1.3) sha256=21a5e0dfbd4c3ddd9e1317ec6a4d782fa226e7867dc70b0743acda81a1dca20e
  addressable (2.9.0) sha256=7fdf6ac3660f7f4e867a0838be3f6cf722ace541dd97767fa42bc6cfa980c7af
  ast (2.4.3) sha256=954615157c1d6a382bc27d690d973195e79db7f55e9765ac7c481c60bdb4d383
  aws-eventstream (1.4.0) sha256=116bf85c436200d1060811e6f5d2d40c88f65448f2125bc77ffce5121e6e183b
  aws-partitions (1.1236.0) sha256=00f58da2f959852c70067e1ea9690072891320bebf480c4415e8bdff2eeb1cdf
  aws-sdk-core (3.244.0) sha256=3e458c078b0c5bdee95bc370c3a483374b3224cf730c1f9f0faf849a5d9a18ea
  aws-sdk-kms (1.123.0) sha256=d405f37e82f8fa32045ca8980be266c0b45b37aaf2012afe0254321a1e811f20
  aws-sdk-s3 (1.219.0) sha256=6a755d7377978525758b3c29185ca6a10128ce2b07555ca37c4549de10c2f1c7
  aws-sigv4 (1.12.1) sha256=6973ff95cb0fd0dc58ba26e90e9510a2219525d07620c8babeb70ef831826c00
  azure_mgmt_resources (0.18.2) sha256=a3cecdd5df10e05c43559d08c3f5a9d0ef7367ebb3425468751129d88fd290dc
  base64 (0.3.0) sha256=27337aeabad6ffae05c265c450490628ef3ebd4b67be58257393227588f5a97b
  bigdecimal (4.1.1) sha256=1c09efab961da45203c8316b0cdaec0ff391dfadb952dd459584b63ebf8054ca
  concurrent-ruby (1.3.6) sha256=6b56837e1e7e5292f9864f34b69c5a2cbc75c0cf5338f1ce9903d10fa762d5ab
  connection_pool (3.0.2) sha256=33fff5ba71a12d2aa26cb72b1db8bba2a1a01823559fb01d29eb74c286e62e0a
  crack (1.0.1) sha256=ff4a10390cd31d66440b7524eb1841874db86201d5b70032028553130b6d4c7e
  diff-lcs (1.6.2) sha256=9ae0d2cba7d4df3075fe8cd8602a8604993efc0dfa934cff568969efb1909962
  domain_name (0.6.20240107) sha256=5f693b2215708476517479bf2b3802e49068ad82167bcd2286f899536a17d933
  drb (2.2.3) sha256=0b00d6fdb50995fe4a45dea13663493c841112e4068656854646f418fda13373
  faraday (1.10.5) sha256=b144f1d2b045652fa820b5f532723e1643cc28b93dae911d784e5c5f88e8f6ed
  faraday-cookie_jar (0.0.8) sha256=0140605823f8cc63c7028fccee486aaed8e54835c360cffc1f7c8c07c4299dbb
  faraday-em_http (1.0.0) sha256=7a3d4c7079789121054f57e08cd4ef7e40ad1549b63101f38c7093a9d6c59689
  faraday-em_synchrony (1.0.1) sha256=bf3ce45dcf543088d319ab051f80985ea6d294930635b7a0b966563179f81750
  faraday-excon (1.1.0) sha256=b055c842376734d7f74350fe8611542ae2000c5387348d9ba9708109d6e40940
  faraday-httpclient (1.0.1) sha256=4c8ff1f0973ff835be8d043ef16aaf54f47f25b7578f6d916deee8399a04d33b
  faraday-multipart (1.2.0) sha256=7d89a949693714176f612323ca13746a2ded204031a6ba528adee788694ef757
  faraday-net_http (1.0.2) sha256=63992efea42c925a20818cf3c0830947948541fdcf345842755510d266e4c682
  faraday-net_http_persistent (1.2.0) sha256=0b0cbc8f03dab943c3e1cc58d8b7beb142d9df068b39c718cd83e39260348335
  faraday-patron (1.0.0) sha256=dc2cd7b340bb3cc8e36bcb9e6e7eff43d134b6d526d5f3429c7a7680ddd38fa7
  faraday-rack (1.0.0) sha256=ef60ec969a2bb95b8dbf24400155aee64a00fc8ba6c6a4d3968562bcc92328c0
  faraday-retry (1.0.4) sha256=dc659233777fabf96c69c2ffe56c0a5d2c102af90321a42cc6c90157bcd716aa
  hashdiff (1.2.1) sha256=9c079dbc513dfc8833ab59c0c2d8f230fa28499cc5efb4b8dd276cf931457cd1
  http-cookie (1.1.4) sha256=8dd8011dedcae5f91af2671b7ba878c4a9e89f0f6384790c1f4cdd176f5e3ada
  i18n (1.14.8) sha256=285778639134865c5e0f6269e0b818256017e8cde89993fdfcbfb64d088824a5
  jmespath (1.6.2) sha256=238d774a58723d6c090494c8879b5e9918c19485f7e840f2c1c7532cf84ebcb1
  json (2.19.3) sha256=289b0bb53052a1fa8c34ab33cc750b659ba14a5c45f3fcf4b18762dc67c78646
  language_server-protocol (3.17.0.5) sha256=fd1e39a51a28bf3eec959379985a72e296e9f9acfce46f6a79d31ca8760803cc
  lint_roller (1.1.0) sha256=2c0c845b632a7d172cb849cc90c1bce937a28c5c8ccccb50dfd46a485003cc87
  logger (1.7.0) sha256=196edec7cc44b66cfb40f9755ce11b392f21f7967696af15d274dde7edff0203
  mini_portile2 (2.8.9) sha256=0cd7c7f824e010c072e33f68bc02d85a00aeb6fce05bb4819c03dfd3c140c289
  minitest (6.0.3) sha256=88ac8a1de36c00692420e7cb3cc11a0773bbcb126aee1c249f320160a7d11411
  ms_rest (0.7.6) sha256=272a1d592594c5c25edd2f3378c17ac9d840a29991572fb1bc7616d5565030ca
  ms_rest_azure (0.12.0) sha256=3006060104629cf56f611bee9040023e461c748a7a97eaa601028b4cd03a231a
  multipart-post (2.4.1) sha256=9872d03a8e552020ca096adadbf5e3cb1cd1cdd6acd3c161136b8a5737cdb4a8
  nokogiri (1.19.2) sha256=38fdd8b59db3d5ea9e7dfb14702e882b9bf819198d5bf976f17ebce12c481756
  parallel (1.28.0) sha256=33e6de1484baf2524792d178b0913fc8eb94c628d6cfe45599ad4458c638c970
  parser (3.3.11.1) sha256=d17ace7aabe3e72c3cc94043714be27cc6f852f104d81aa284c2281aecc65d54
  prism (1.9.0) sha256=7b530c6a9f92c24300014919c9dcbc055bf4cdf51ec30aed099b06cd6674ef85
  public_suffix (7.0.5) sha256=1a8bb08f1bbea19228d3bed6e5ed908d1cb4f7c2726d18bd9cadf60bc676f623
  racc (1.8.1) sha256=4a7f6929691dbec8b5209a0b373bc2614882b55fc5d2e447a21aaa691303d62f
  rainbow (3.1.1) sha256=039491aa3a89f42efa1d6dec2fc4e62ede96eb6acd95e52f1ad581182b79bc6a
  rake (13.3.1) sha256=8c9e89d09f66a26a01264e7e3480ec0607f0c497a861ef16063604b1b08eb19c
  regexp_parser (2.12.0) sha256=35a916a1d63190ab5c9009457136ae5f3c0c7512d60291d0d1378ba18ce08ebb
  rexml (3.4.4) sha256=19e0a2c3425dfbf2d4fc1189747bdb2f849b6c5e74180401b15734bc97b5d142
  rspec (3.13.2) sha256=206284a08ad798e61f86d7ca3e376718d52c0bc944626b2349266f239f820587
  rspec-core (3.13.6) sha256=a8823c6411667b60a8bca135364351dda34cd55e44ff94c4be4633b37d828b2d
  rspec-expectations (3.13.5) sha256=33a4d3a1d95060aea4c94e9f237030a8f9eae5615e9bd85718fe3a09e4b58836
  rspec-mocks (3.13.8) sha256=086ad3d3d17533f4237643de0b5c42f04b66348c28bf6b9c2d3f4a3b01af1d47
  rspec-support (3.13.7) sha256=0640e5570872aafefd79867901deeeeb40b0c9875a36b983d85f54fb7381c47c
  rubocop (1.84.2) sha256=5692cea54168f3dc8cb79a6fe95c5424b7ea893c707ad7a4307b0585e88dbf5f
  rubocop-ast (1.49.1) sha256=4412f3ee70f6fe4546cc489548e0f6fcf76cafcfa80fa03af67098ffed755035
  rubocop-performance (1.26.1) sha256=cd19b936ff196df85829d264b522fd4f98b6c89ad271fa52744a8c11b8f71834
  ruby-progressbar (1.13.0) sha256=80fc9c47a9b640d6834e0dc7b3c94c9df37f08cb072b7761e4a71e22cff29b33
  ruby2_keywords (0.0.5) sha256=ffd13740c573b7301cf7a2e61fc857b2a8e3d3aff32545d6f8300d8bae10e3ef
  rubyzip (3.2.2) sha256=c0ed99385f0625415c8f05bcae33fe649ed2952894a95ff8b08f26ca57ea5b3c
  securerandom (0.4.1) sha256=cc5193d414a4341b6e225f0cb4446aceca8e50d5e1888743fac16987638ea0b1
  standard (1.54.0) sha256=7a4b08f83d9893083c8f03bc486f0feeb6a84d48233b40829c03ef4767ea0100
  standard-custom (1.0.2) sha256=424adc84179a074f1a2a309bb9cf7cd6bfdb2b6541f20c6bf9436c0ba22a652b
  standard-performance (1.9.0) sha256=49483d31be448292951d80e5e67cdcb576c2502103c7b40aec6f1b6e9c88e3f2
  timecop (0.9.10) sha256=12ba45ce57cdcf6b1043cb6cdffa6381fd89ce10d369c28a7f6f04dc1b0cd8eb
  timeliness (0.3.10) sha256=c357233ce19dc53148e8b29dfddde134689f18f52b32928e9dfe12ebcf4a773f
  tzinfo (2.0.6) sha256=8daf828cc77bcf7d63b0e3bdb6caa47e2272dcfaf4fbfe46f8c3a9df087a829b
  unicode-display_width (3.2.0) sha256=0cdd96b5681a5949cdbc2c55e7b420facae74c4aaf9a9815eee1087cb1853c42
  unicode-emoji (4.2.0) sha256=519e69150f75652e40bf736106cfbc8f0f73aa3fb6a65afe62fefa7f80b0f80f
  uri (1.1.1) sha256=379fa58d27ffb1387eaada68c749d1426738bd0f654d812fcc07e7568f5c57c6
  webmock (3.26.2) sha256=774556f2ea6371846cca68c01769b2eac0d134492d21f6d0ab5dd643965a4c90

BUNDLED WITH
   2.6.9
